
Microsoft Visual Studio Solution File, Format Version 12.00
# Visual Studio Version 16
VisualStudioVersion = 16.0.29613.14
MinimumVisualStudioVersion = 10.0.40219.1
Project("{FAE04EC0-301F-11D3-BF4B-00C04F79EFBC}") = "Gravical.Poker.Core", "Gravical.Poker.Core\Gravical.Poker.Core.csproj", "{F9997E49-EAC1-4DD8-B24F-90ABD6B687B9}"
EndProject
Project("{FAE04EC0-301F-11D3-BF4B-00C04F79EFBC}") = "Gravical.Poker.Core.Tests", "Gravical.Poker.Core.Tests\Gravical.Poker.Core.Tests.csproj", "{AF13325A-548F-4FE7-876A-AD4B82FFAEED}"
EndProject
Global
	GlobalSection(SolutionConfigurationPlatforms) = preSolution
		Debug|Any CPU = Debug|Any CPU
		Release|Any CPU = Release|Any CPU
	EndGlobalSection
	GlobalSection(ProjectConfigurationPlatforms) = postSolution
		{F9997E49-EAC1-4DD8-B24F-90ABD6B687B9}.Debug|Any CPU.ActiveCfg = Debug|Any CPU
		{F9997E49-EAC1-4DD8-B24F-90ABD6B687B9}.Debug|Any CPU.Build.0 = Debug|Any CPU
		{F9997E49-EAC1-4DD8-B24F-90ABD6B687B9}.Release|Any CPU.ActiveCfg = Release|Any CPU
		{F9997E49-EAC1-4DD8-B24F-90ABD6B687B9}.Release|Any CPU.Build.0 = Release|Any CPU
		{AF13325A-548F-4FE7-876A-AD4B82FFAEED}.Debug|Any CPU.ActiveCfg = Debug|Any CPU
		{AF13325A-548F-4FE7-876A-AD4B82FFAEED}.Debug|Any CPU.Build.0 = Debug|Any CPU
		{AF13325A-548F-4FE7-876A-AD4B82FFAEED}.Release|Any CPU.ActiveCfg = Release|Any CPU
		{AF13325A-548F-4FE7-876A-AD4B82FFAEED}.Release|Any CPU.Build.0 = Release|Any CPU
	EndGlobalSection
	GlobalSection(SolutionProperties) = preSolution
		HideSolutionNode = FALSE
	EndGlobalSection
	GlobalSection(ExtensibilityGlobals) = postSolution
		SolutionGuid = {54A8AD9B-FE5B-4F11-B5CD-74BADD05A0C5}
	EndGlobalSection
EndGlobal
